
Microsoft Visual Studio Solution File, Format Version 12.00
# Visual Studio Version 16
VisualStudioVersion = 16.0.29102.190
MinimumVisualStudioVersion = 10.0.40219.1
Project("{FAE04EC0-301F-11D3-BF4B-00C04F79EFBC}") = "SistemaPos", "SistemaPos\SistemaPos.csproj", "{B60A7367-68DE-475E-9AD8-8A72467D5FCF}"
EndProject
Project("{FAE04EC0-301F-11D3-BF4B-00C04F79EFBC}") = "LibreriaDLL", "LibreriaDLL\LibreriaDLL.csproj", "{806AD1F5-10BB-4F92-8474-7E670AA7376E}"
EndProject
Global
	GlobalSection(SolutionConfigurationPlatforms) = preSolution
		Debug|Any CPU = Debug|Any CPU
		Release|Any CPU = Release|Any CPU
	EndGlobalSection
	GlobalSection(ProjectConfigurationPlatforms) = postSolution
		{B60A7367-68DE-475E-9AD8-8A72467D5FCF}.Debug|Any CPU.ActiveCfg = Debug|Any CPU
		{B60A7367-68DE-475E-9AD8-8A72467D5FCF}.Debug|Any CPU.Build.0 = Debug|Any CPU
		{B60A7367-68DE-475E-9AD8-8A72467D5FCF}.Release|Any CPU.ActiveCfg = Release|Any CPU
		{B60A7367-68DE-475E-9AD8-8A72467D5FCF}.Release|Any CPU.Build.0 = Release|Any CPU
		{806AD1F5-10BB-4F92-8474-7E670AA7376E}.Debug|Any CPU.ActiveCfg = Debug|Any CPU
		{806AD1F5-10BB-4F92-8474-7E670AA7376E}.Debug|Any CPU.Build.0 = Debug|Any CPU
		{806AD1F5-10BB-4F92-8474-7E670AA7376E}.Release|Any CPU.ActiveCfg = Release|Any CPU
		{806AD1F5-10BB-4F92-8474-7E670AA7376E}.Release|Any CPU.Build.0 = Release|Any CPU
	EndGlobalSection
	GlobalSection(SolutionProperties) = preSolution
		HideSolutionNode = FALSE
	EndGlobalSection
	GlobalSection(ExtensibilityGlobals) = postSolution
		SolutionGuid = {D9FA0948-BE28-470A-A496-9DFEFC04034C}
	EndGlobalSection
EndGlobal
